
Microsoft Visual Studio Solution File, Format Version 12.00
# Visual Studio Version 17
VisualStudioVersion = 17.8.34330.188
MinimumVisualStudioVersion = 10.0.40219.1
Project("{E24C65DC-7377-472B-9ABA-BC803B73C61A}") = "calcolatriceDiCristo", "calcolatriceDiCristo\", "{7C320BA5-AE49-4600-BF61-E2976D5C2768}"
	ProjectSection(WebsiteProperties) = preProject
		TargetFrameworkMoniker = ".NETFramework,Version%3Dv4.7.2"
		Debug.AspNetCompiler.VirtualPath = "/localhost_60571"
		Debug.AspNetCompiler.PhysicalPath = "calcolatriceDiCristo\"
		Debug.AspNetCompiler.TargetPath = "PrecompiledWeb\localhost_60571\"
		Debug.AspNetCompiler.Updateable = "true"
		Debug.AspNetCompiler.ForceOverwrite = "true"
		Debug.AspNetCompiler.FixedNames = "false"
		Debug.AspNetCompiler.Debug = "True"
		Release.AspNetCompiler.VirtualPath = "/localhost_60571"
		Release.AspNetCompiler.PhysicalPath = "calcolatriceDiCristo\"
		Release.AspNetCompiler.TargetPath = "PrecompiledWeb\localhost_60571\"
		Release.AspNetCompiler.Updateable = "true"
		Release.AspNetCompiler.ForceOverwrite = "true"
		Release.AspNetCompiler.FixedNames = "false"
		Release.AspNetCompiler.Debug = "False"
		VWDPort = "60571"
		SlnRelativePath = "calcolatriceDiCristo\"
		DefaultWebSiteLanguage = "Visual C#"
	EndProjectSection
EndProject
Global
	GlobalSection(SolutionConfigurationPlatforms) = preSolution
		Debug|Any CPU = Debug|Any CPU
	EndGlobalSection
	GlobalSection(ProjectConfigurationPlatforms) = postSolution
		{7C320BA5-AE49-4600-BF61-E2976D5C2768}.Debug|Any CPU.ActiveCfg = Debug|Any CPU
		{7C320BA5-AE49-4600-BF61-E2976D5C2768}.Debug|Any CPU.Build.0 = Debug|Any CPU
	EndGlobalSection
	GlobalSection(SolutionProperties) = preSolution
		HideSolutionNode = FALSE
	EndGlobalSection
	GlobalSection(ExtensibilityGlobals) = postSolution
		SolutionGuid = {08227B9F-A36E-4A3D-8E6E-2C939A401A92}
	EndGlobalSection
EndGlobal
